# This file is automatically @generated by Poetry 1.8.3 and should not be changed by hand.

[[package]]
name = "easygui"
version = "0.98.3"
description = "EasyGUI is a module for very simple, very easy GUI programming in Python.  EasyGUI is different from other GUI generators in that EasyGUI is NOT event-driven.  Instead, all GUI interactions are invoked by simple function calls."
optional = false
python-versions = "*"
files = [
    {file = "easygui-0.98.3-py2.py3-none-any.whl", hash = "sha256:33498710c68b5376b459cd3fc48d1d1f33822139eb3ed01defbc0528326da3ba"},
    {file = "easygui-0.98.3.tar.gz", hash = "sha256:d653ff79ee1f42f63b5a090f2f98ce02335d86ad8963b3ce2661805cafe99a04"},
]

[[package]]
name = "et-xmlfile"
version = "2.0.0"
description = "An implementation of lxml.xmlfile for the standard library"
optional = false
python-versions = ">=3.8"
files = [
    {file = "et_xmlfile-2.0.0-py3-none-any.whl", hash = "sha256:7a91720bc756843502c3b7504c77b8fe44217c85c537d85037f0f536151b2caa"},
    {file = "et_xmlfile-2.0.0.tar.gz", hash = "sha256:dab3f4764309081ce75662649be815c4c9081e88f0837825f90fd28317d4da54"},
]

[[package]]
name = "openpyxl"
version = "3.1.5"
description = "A Python library to read/write Excel 2010 xlsx/xlsm files"
optional = false
python-versions = ">=3.8"
files = [
    {file = "openpyxl-3.1.5-py2.py3-none-any.whl", hash = "sha256:5282c12b107bffeef825f4617dc029afaf41d0ea60823bbb665ef3079dc79de2"},
    {file = "openpyxl-3.1.5.tar.gz", hash = "sha256:cf0e3cf56142039133628b5acffe8ef0c12bc902d2aadd3e0fe5878dc08d1050"},
]

[package.dependencies]
et-xmlfile = "*"

[metadata]
lock-version = "2.0"
python-versions = "^3.11"
content-hash = "cdf0216b8a86acaac9172d408d127ef9817e69b93fc76cd6c91bd1bc350571af"
